
Microsoft Visual Studio Solution File, Format Version 12.00
Project("{FAE04EC0-301F-11D3-BF4B-00C04F79EFBC}") = "Calculadora", "Calculadora\Calculadora.csproj", "{A71B76E0-18FE-4188-ABCF-4596909B30F7}"
EndProject
Project("{FAE04EC0-301F-11D3-BF4B-00C04F79EFBC}") = "CalculadoraTest1", "CalculadoraTest1\CalculadoraTest1.csproj", "{AD3F17DB-C330-487A-AECA-CFB42D69B09B}"
EndProject
Global
	GlobalSection(SolutionConfigurationPlatforms) = preSolution
		Debug|Any CPU = Debug|Any CPU
		Release|Any CPU = Release|Any CPU
	EndGlobalSection
	GlobalSection(ProjectConfigurationPlatforms) = postSolution
		{A71B76E0-18FE-4188-ABCF-4596909B30F7}.Debug|Any CPU.ActiveCfg = Debug|Any CPU
		{A71B76E0-18FE-4188-ABCF-4596909B30F7}.Debug|Any CPU.Build.0 = Debug|Any CPU
		{A71B76E0-18FE-4188-ABCF-4596909B30F7}.Release|Any CPU.ActiveCfg = Release|Any CPU
		{A71B76E0-18FE-4188-ABCF-4596909B30F7}.Release|Any CPU.Build.0 = Release|Any CPU
		{AD3F17DB-C330-487A-AECA-CFB42D69B09B}.Debug|Any CPU.ActiveCfg = Debug|Any CPU
		{AD3F17DB-C330-487A-AECA-CFB42D69B09B}.Debug|Any CPU.Build.0 = Debug|Any CPU
		{AD3F17DB-C330-487A-AECA-CFB42D69B09B}.Release|Any CPU.ActiveCfg = Release|Any CPU
		{AD3F17DB-C330-487A-AECA-CFB42D69B09B}.Release|Any CPU.Build.0 = Release|Any CPU
	EndGlobalSection
EndGlobal
